
Microsoft Visual Studio Solution File, Format Version 12.00
# Visual Studio Version 17
VisualStudioVersion = 17.0.31919.166
MinimumVisualStudioVersion = 10.0.40219.1
Project("{9A19103F-16F7-4668-BE54-9A1E7A4F7556}") = "CSharp08", "CSharp8\CSharp08.csproj", "{75A32971-A925-458B-8124-C46AAFF57431}"
EndProject
Project("{9A19103F-16F7-4668-BE54-9A1E7A4F7556}") = "CSharp05", "CSharp5\CSharp05.csproj", "{A88FE0E8-A906-47AB-9963-9E22FC04D637}"
EndProject
Project("{9A19103F-16F7-4668-BE54-9A1E7A4F7556}") = "CSharp06", "CSharp6\CSharp06.csproj", "{2170A2EA-DDDB-45F8-BCB8-BB0D6335FA34}"
EndProject
Project("{9A19103F-16F7-4668-BE54-9A1E7A4F7556}") = "CSharp07", "CSharp7\CSharp07.csproj", "{0101074A-5449-4519-809D-AE75E81CDADA}"
EndProject
Project("{9A19103F-16F7-4668-BE54-9A1E7A4F7556}") = "CSharp09", "CSharp9\CSharp09.csproj", "{3ABE026E-558D-49DA-B12A-05439A8E5136}"
EndProject
Project("{9A19103F-16F7-4668-BE54-9A1E7A4F7556}") = "CSharp10", "CSharp10\CSharp10.csproj", "{126ED80E-BF6B-40C8-9984-7D2AB0D260C4}"
EndProject
Project("{9A19103F-16F7-4668-BE54-9A1E7A4F7556}") = "CSharp11", "CSharp11\CSharp11.csproj", "{CE47858C-1F52-4F77-BD24-4B322F1A4924}"
EndProject
Project("{9A19103F-16F7-4668-BE54-9A1E7A4F7556}") = "CSharp12", "CSharp12\CSharp12.csproj", "{9F1E8386-E074-4A69-9212-E30F9385B3E7}"
EndProject
Project("{FAE04EC0-301F-11D3-BF4B-00C04F79EFBC}") = "CSharp.Twists", "CSharp.Twists\CSharp.Twists.csproj", "{0E7EF597-AEA3-447E-9F9B-5CEBF99529F0}"
EndProject
Global
	GlobalSection(SolutionConfigurationPlatforms) = preSolution
		Debug|Any CPU = Debug|Any CPU
		Release|Any CPU = Release|Any CPU
	EndGlobalSection
	GlobalSection(ProjectConfigurationPlatforms) = postSolution
		{75A32971-A925-458B-8124-C46AAFF57431}.Debug|Any CPU.ActiveCfg = Debug|Any CPU
		{75A32971-A925-458B-8124-C46AAFF57431}.Debug|Any CPU.Build.0 = Debug|Any CPU
		{75A32971-A925-458B-8124-C46AAFF57431}.Release|Any CPU.ActiveCfg = Release|Any CPU
		{75A32971-A925-458B-8124-C46AAFF57431}.Release|Any CPU.Build.0 = Release|Any CPU
		{A88FE0E8-A906-47AB-9963-9E22FC04D637}.Debug|Any CPU.ActiveCfg = Debug|Any CPU
		{A88FE0E8-A906-47AB-9963-9E22FC04D637}.Debug|Any CPU.Build.0 = Debug|Any CPU
		{A88FE0E8-A906-47AB-9963-9E22FC04D637}.Release|Any CPU.ActiveCfg = Release|Any CPU
		{A88FE0E8-A906-47AB-9963-9E22FC04D637}.Release|Any CPU.Build.0 = Release|Any CPU
		{2170A2EA-DDDB-45F8-BCB8-BB0D6335FA34}.Debug|Any CPU.ActiveCfg = Debug|Any CPU
		{2170A2EA-DDDB-45F8-BCB8-BB0D6335FA34}.Debug|Any CPU.Build.0 = Debug|Any CPU
		{2170A2EA-DDDB-45F8-BCB8-BB0D6335FA34}.Release|Any CPU.ActiveCfg = Release|Any CPU
		{2170A2EA-DDDB-45F8-BCB8-BB0D6335FA34}.Release|Any CPU.Build.0 = Release|Any CPU
		{0101074A-5449-4519-809D-AE75E81CDADA}.Debug|Any CPU.ActiveCfg = Debug|Any CPU
		{0101074A-5449-4519-809D-AE75E81CDADA}.Debug|Any CPU.Build.0 = Debug|Any CPU
		{0101074A-5449-4519-809D-AE75E81CDADA}.Release|Any CPU.ActiveCfg = Release|Any CPU
		{0101074A-5449-4519-809D-AE75E81CDADA}.Release|Any CPU.Build.0 = Release|Any CPU
		{3ABE026E-558D-49DA-B12A-05439A8E5136}.Debug|Any CPU.ActiveCfg = Debug|Any CPU
		{3ABE026E-558D-49DA-B12A-05439A8E5136}.Debug|Any CPU.Build.0 = Debug|Any CPU
		{3ABE026E-558D-49DA-B12A-05439A8E5136}.Release|Any CPU.ActiveCfg = Release|Any CPU
		{3ABE026E-558D-49DA-B12A-05439A8E5136}.Release|Any CPU.Build.0 = Release|Any CPU
		{126ED80E-BF6B-40C8-9984-7D2AB0D260C4}.Debug|Any CPU.ActiveCfg = Debug|Any CPU
		{126ED80E-BF6B-40C8-9984-7D2AB0D260C4}.Debug|Any CPU.Build.0 = Debug|Any CPU
		{126ED80E-BF6B-40C8-9984-7D2AB0D260C4}.Release|Any CPU.ActiveCfg = Release|Any CPU
		{126ED80E-BF6B-40C8-9984-7D2AB0D260C4}.Release|Any CPU.Build.0 = Release|Any CPU
		{CE47858C-1F52-4F77-BD24-4B322F1A4924}.Debug|Any CPU.ActiveCfg = Debug|Any CPU
		{CE47858C-1F52-4F77-BD24-4B322F1A4924}.Debug|Any CPU.Build.0 = Debug|Any CPU
		{CE47858C-1F52-4F77-BD24-4B322F1A4924}.Release|Any CPU.ActiveCfg = Release|Any CPU
		{CE47858C-1F52-4F77-BD24-4B322F1A4924}.Release|Any CPU.Build.0 = Release|Any CPU
		{9F1E8386-E074-4A69-9212-E30F9385B3E7}.Debug|Any CPU.ActiveCfg = Debug|Any CPU
		{9F1E8386-E074-4A69-9212-E30F9385B3E7}.Debug|Any CPU.Build.0 = Debug|Any CPU
		{9F1E8386-E074-4A69-9212-E30F9385B3E7}.Release|Any CPU.ActiveCfg = Release|Any CPU
		{9F1E8386-E074-4A69-9212-E30F9385B3E7}.Release|Any CPU.Build.0 = Release|Any CPU
		{0E7EF597-AEA3-447E-9F9B-5CEBF99529F0}.Debug|Any CPU.ActiveCfg = Debug|Any CPU
		{0E7EF597-AEA3-447E-9F9B-5CEBF99529F0}.Debug|Any CPU.Build.0 = Debug|Any CPU
		{0E7EF597-AEA3-447E-9F9B-5CEBF99529F0}.Release|Any CPU.ActiveCfg = Release|Any CPU
		{0E7EF597-AEA3-447E-9F9B-5CEBF99529F0}.Release|Any CPU.Build.0 = Release|Any CPU
	EndGlobalSection
	GlobalSection(SolutionProperties) = preSolution
		HideSolutionNode = FALSE
	EndGlobalSection
	GlobalSection(ExtensibilityGlobals) = postSolution
		EnterpriseLibraryConfigurationToolBinariesPath = packages\TransientFaultHandling.Core.5.1.1209.1\lib\NET4
		SolutionGuid = {BE0273B9-B07F-482D-AE12-B582D736EB95}
	EndGlobalSection
EndGlobal
